// !$*UTF8*$!
{
	archiveVersion = 1;
	classes = {
	};
	objectVersion = 50;
	objects = {

/* Begin PBXBuildFile section */
		521B31A522A8C62B006A6DA1 /* UIImageView.swift in Sources */ = {isa = PBXBuildFile; fileRef = 521B31A422A8C62B006A6DA1 /* UIImageView.swift */; };
		522526B2228AABE7008BDA1F /* PHAssetCollection.swift in Sources */ = {isa = PBXBuildFile; fileRef = 522526B1228AABE7008BDA1F /* PHAssetCollection.swift */; };
		525446742256FE6A00AD2EE9 /* lxextension.framework in Frameworks */ = {isa = PBXBuildFile; fileRef = 5254466A2256FE6900AD2EE9 /* lxextension.framework */; };
		525446792256FE6A00AD2EE9 /* lxextensionTests.swift in Sources */ = {isa = PBXBuildFile; fileRef = 525446782256FE6A00AD2EE9 /* lxextensionTests.swift */; };
		5254467B2256FE6A00AD2EE9 /* lxextension.h in Headers */ = {isa = PBXBuildFile; fileRef = 5254466D2256FE6900AD2EE9 /* lxextension.h */; settings = {ATTRIBUTES = (Public, ); }; };
		5254468D2256FF0300AD2EE9 /* URL.swift in Sources */ = {isa = PBXBuildFile; fileRef = 525446892256FF0300AD2EE9 /* URL.swift */; };
		5254468E2256FF0300AD2EE9 /* FloatingPoint.swift in Sources */ = {isa = PBXBuildFile; fileRef = 5254468A2256FF0300AD2EE9 /* FloatingPoint.swift */; };
		5254468F2256FF0300AD2EE9 /* Date.swift in Sources */ = {isa = PBXBuildFile; fileRef = 5254468B2256FF0300AD2EE9 /* Date.swift */; };
		525446902256FF0300AD2EE9 /* BinaryInteger.swift in Sources */ = {isa = PBXBuildFile; fileRef = 5254468C2256FF0300AD2EE9 /* BinaryInteger.swift */; };
		525446932256FF0B00AD2EE9 /* CVPixelBuffer.swift in Sources */ = {isa = PBXBuildFile; fileRef = 525446912256FF0B00AD2EE9 /* CVPixelBuffer.swift */; };
		525446942256FF0B00AD2EE9 /* CoreVideo.swift in Sources */ = {isa = PBXBuildFile; fileRef = 525446922256FF0B00AD2EE9 /* CoreVideo.swift */; };
		525446992256FF1200AD2EE9 /* CGSize.swift in Sources */ = {isa = PBXBuildFile; fileRef = 525446952256FF1200AD2EE9 /* CGSize.swift */; };
		5254469A2256FF1200AD2EE9 /* CGImage.swift in Sources */ = {isa = PBXBuildFile; fileRef = 525446962256FF1200AD2EE9 /* CGImage.swift */; };
		5254469B2256FF1200AD2EE9 /* CGPoint.swift in Sources */ = {isa = PBXBuildFile; fileRef = 525446972256FF1200AD2EE9 /* CGPoint.swift */; };
		5254469C2256FF1200AD2EE9 /* CGRect.swift in Sources */ = {isa = PBXBuildFile; fileRef = 525446982256FF1200AD2EE9 /* CGRect.swift */; };
		525446A72256FF1C00AD2EE9 /* UIImage.swift in Sources */ = {isa = PBXBuildFile; fileRef = 5254469D2256FF1B00AD2EE9 /* UIImage.swift */; };
		525446A82256FF1C00AD2EE9 /* UITableView.swift in Sources */ = {isa = PBXBuildFile; fileRef = 5254469E2256FF1B00AD2EE9 /* UITableView.swift */; };
		525446A92256FF1C00AD2EE9 /* UITextView.swift in Sources */ = {isa = PBXBuildFile; fileRef = 5254469F2256FF1B00AD2EE9 /* UITextView.swift */; };
		525446AA2256FF1C00AD2EE9 /* UIColor.swift in Sources */ = {isa = PBXBuildFile; fileRef = 525446A02256FF1B00AD2EE9 /* UIColor.swift */; };
		525446AB2256FF1C00AD2EE9 /* UIScrollView.swift in Sources */ = {isa = PBXBuildFile; fileRef = 525446A12256FF1B00AD2EE9 /* UIScrollView.swift */; };
		525446AC2256FF1C00AD2EE9 /* UITextField.swift in Sources */ = {isa = PBXBuildFile; fileRef = 525446A22256FF1B00AD2EE9 /* UITextField.swift */; };
		525446AD2256FF1C00AD2EE9 /* UIView.swift in Sources */ = {isa = PBXBuildFile; fileRef = 525446A32256FF1B00AD2EE9 /* UIView.swift */; };
		525446AE2256FF1C00AD2EE9 /* UIButton.swift in Sources */ = {isa = PBXBuildFile; fileRef = 525446A42256FF1C00AD2EE9 /* UIButton.swift */; };
		525446AF2256FF1C00AD2EE9 /* UIFont.swift in Sources */ = {isa = PBXBuildFile; fileRef = 525446A52256FF1C00AD2EE9 /* UIFont.swift */; };
		525446B02256FF1C00AD2EE9 /* UICollectionView.swift in Sources */ = {isa = PBXBuildFile; fileRef = 525446A62256FF1C00AD2EE9 /* UICollectionView.swift */; };
		525446B22256FF2200AD2EE9 /* MLModel.swift in Sources */ = {isa = PBXBuildFile; fileRef = 525446B12256FF2200AD2EE9 /* MLModel.swift */; };
		5257003A2292887E009311C2 /* UIView+Constraints.swift in Sources */ = {isa = PBXBuildFile; fileRef = 525700392292887E009311C2 /* UIView+Constraints.swift */; };
		52876BFE22C5C6D6009ADB70 /* UIView+Property.swift in Sources */ = {isa = PBXBuildFile; fileRef = 52876BFD22C5C6D6009ADB70 /* UIView+Property.swift */; };
		52A8E63822A6195100D23D68 /* UILabel.swift in Sources */ = {isa = PBXBuildFile; fileRef = 52A8E63722A6195100D23D68 /* UILabel.swift */; };
		52A8E63A22A646E400D23D68 /* UIStackView.swift in Sources */ = {isa = PBXBuildFile; fileRef = 52A8E63922A646E400D23D68 /* UIStackView.swift */; };
		52A8E63E22A64F9600D23D68 /* UIView+Stack.swift in Sources */ = {isa = PBXBuildFile; fileRef = 52A8E63D22A64F9600D23D68 /* UIView+Stack.swift */; };
		52A8E64022A652CD00D23D68 /* UIView+Shape.swift in Sources */ = {isa = PBXBuildFile; fileRef = 52A8E63F22A652CD00D23D68 /* UIView+Shape.swift */; };
		52B510D722954C06003FE512 /* CIImage.swift in Sources */ = {isa = PBXBuildFile; fileRef = 52B510D622954C06003FE512 /* CIImage.swift */; };
		52C4CDCA229BD10F00D10B7F /* UIEdgeInsets.swift in Sources */ = {isa = PBXBuildFile; fileRef = 52C4CDC9229BD10F00D10B7F /* UIEdgeInsets.swift */; };
		52EFF1BD22AA611B005DEC87 /* UIView+Priority.swift in Sources */ = {isa = PBXBuildFile; fileRef = 52EFF1BC22AA611B005DEC87 /* UIView+Priority.swift */; };
		52FD47A622D34BC200A2D03A /* Encodable.swift in Sources */ = {isa = PBXBuildFile; fileRef = 52FD47A522D34BC200A2D03A /* Encodable.swift */; };
		52FD47A822D34D8D00A2D03A /* Decodable.swift in Sources */ = {isa = PBXBuildFile; fileRef = 52FD47A722D34D8D00A2D03A /* Decodable.swift */; };
		7403262D2460566500DC1181 /* UIViewController.swift in Sources */ = {isa = PBXBuildFile; fileRef = 7403262C2460566500DC1181 /* UIViewController.swift */; };
		7403262F246057E300DC1181 /* String.swift in Sources */ = {isa = PBXBuildFile; fileRef = 7403262E246057E300DC1181 /* String.swift */; };
		7403264624616A9C00DC1181 /* AVCaptureVideoOrientation.swift in Sources */ = {isa = PBXBuildFile; fileRef = 7403264524616A9C00DC1181 /* AVCaptureVideoOrientation.swift */; };
		7403264824616AEE00DC1181 /* AVCaptureConnection.swift in Sources */ = {isa = PBXBuildFile; fileRef = 7403264724616AED00DC1181 /* AVCaptureConnection.swift */; };
		74247D7E22BFE7BD00E6923C /* UILabel+Property.swift in Sources */ = {isa = PBXBuildFile; fileRef = 74247D7D22BFE7BD00E6923C /* UILabel+Property.swift */; };
		74247DFC22CBBB7900E6923C /* UIButton+Property.swift in Sources */ = {isa = PBXBuildFile; fileRef = 74247DFB22CBBB7900E6923C /* UIButton+Property.swift */; };
		7443C4CF255A664F000955F9 /* Codable.swift in Sources */ = {isa = PBXBuildFile; fileRef = 7443C4CE255A664F000955F9 /* Codable.swift */; };
		7447D3402553FFE70005C368 /* UserDefaults.swift in Sources */ = {isa = PBXBuildFile; fileRef = 7447D33F2553FFE70005C368 /* UserDefaults.swift */; };
		744873E325B12F4600B5E554 /* AVAsset.swift in Sources */ = {isa = PBXBuildFile; fileRef = 744873E225B12F4600B5E554 /* AVAsset.swift */; };
		74489A2E25A0749800CD0779 /* CALayer.swift in Sources */ = {isa = PBXBuildFile; fileRef = 74489A2D25A0749800CD0779 /* CALayer.swift */; };
		744D0C5325A34C3D001A5BBA /* Float.swift in Sources */ = {isa = PBXBuildFile; fileRef = 744D0C5225A34C3D001A5BBA /* Float.swift */; };
		7451B1BA25F382A700B95DA4 /* Devices.swift in Sources */ = {isa = PBXBuildFile; fileRef = 7451B1B925F382A700B95DA4 /* Devices.swift */; };
		74551EAB25FB6C0D00F51B1B /* SlideOutTransitioning.swift in Sources */ = {isa = PBXBuildFile; fileRef = 74551EAA25FB6C0D00F51B1B /* SlideOutTransitioning.swift */; };
		74551EAF25FB6C7D00F51B1B /* BounceTransitioning.swift in Sources */ = {isa = PBXBuildFile; fileRef = 74551EAE25FB6C7D00F51B1B /* BounceTransitioning.swift */; };
		74551EB325FB6CCB00F51B1B /* SlideInTransitioning.swift in Sources */ = {isa = PBXBuildFile; fileRef = 74551EB225FB6CCB00F51B1B /* SlideInTransitioning.swift */; };
		74551EB825FB6E2000F51B1B /* PopupPresentationController.swift in Sources */ = {isa = PBXBuildFile; fileRef = 74551EB725FB6E2000F51B1B /* PopupPresentationController.swift */; };
		7462819625E2B6EE003641C1 /* GradientView.swift in Sources */ = {isa = PBXBuildFile; fileRef = 7462819525E2B6EE003641C1 /* GradientView.swift */; };
		7462819C25E2B747003641C1 /* BaseView.swift in Sources */ = {isa = PBXBuildFile; fileRef = 7462819B25E2B747003641C1 /* BaseView.swift */; };
		74710E8624545DC0006E5023 /* CGImagePropertyOrientation.swift in Sources */ = {isa = PBXBuildFile; fileRef = 74710E8524545DC0006E5023 /* CGImagePropertyOrientation.swift */; };
		74B6B19826860F3900766C0A /* CGAffineTransform.swift in Sources */ = {isa = PBXBuildFile; fileRef = 74B6B19726860F3900766C0A /* CGAffineTransform.swift */; };
		74D2305725ECEE04006128FF /* NSMutableAttributedString.swift in Sources */ = {isa = PBXBuildFile; fileRef = 74D2305625ECEE04006128FF /* NSMutableAttributedString.swift */; };
		74E7D4DA247E52F000A32448 /* TimeInterval.swift in Sources */ = {isa = PBXBuildFile; fileRef = 74E7D4D9247E52F000A32448 /* TimeInterval.swift */; };
		74F3CAE525355A8C0007091F /* UITextField+Property.swift in Sources */ = {isa = PBXBuildFile; fileRef = 74F3CAE425355A8C0007091F /* UITextField+Property.swift */; };
/* End PBXBuildFile section */

/* Begin PBXContainerItemProxy section */
		525446752256FE6A00AD2EE9 /* PBXContainerItemProxy */ = {
			isa = PBXContainerItemProxy;
			containerPortal = 525446612256FE6900AD2EE9 /* Project object */;
			proxyType = 1;
			remoteGlobalIDString = 525446692256FE6900AD2EE9;
			remoteInfo = lxextension;
		};
/* End PBXContainerItemProxy section */

/* Begin PBXFileReference section */
		521B31A422A8C62B006A6DA1 /* UIImageView.swift */ = {isa = PBXFileReference; lastKnownFileType = sourcecode.swift; path = UIImageView.swift; sourceTree = "<group>"; };
		522526B1228AABE7008BDA1F /* PHAssetCollection.swift */ = {isa = PBXFileReference; lastKnownFileType = sourcecode.swift; path = PHAssetCollection.swift; sourceTree = "<group>"; };
		5254466A2256FE6900AD2EE9 /* lxextension.framework */ = {isa = PBXFileReference; explicitFileType = wrapper.framework; includeInIndex = 0; path = lxextension.framework; sourceTree = BUILT_PRODUCTS_DIR; };
		5254466D2256FE6900AD2EE9 /* lxextension.h */ = {isa = PBXFileReference; lastKnownFileType = sourcecode.c.h; path = lxextension.h; sourceTree = "<group>"; };
		5254466E2256FE6900AD2EE9 /* Info.plist */ = {isa = PBXFileReference; lastKnownFileType = text.plist.xml; path = Info.plist; sourceTree = "<group>"; };
		525446732256FE6A00AD2EE9 /* lxextensionTests.xctest */ = {isa = PBXFileReference; explicitFileType = wrapper.cfbundle; includeInIndex = 0; path = lxextensionTests.xctest; sourceTree = BUILT_PRODUCTS_DIR; };
		525446782256FE6A00AD2EE9 /* lxextensionTests.swift */ = {isa = PBXFileReference; lastKnownFileType = sourcecode.swift; path = lxextensionTests.swift; sourceTree = "<group>"; };
		5254467A2256FE6A00AD2EE9 /* Info.plist */ = {isa = PBXFileReference; lastKnownFileType = text.plist.xml; path = Info.plist; sourceTree = "<group>"; };
		525446892256FF0300AD2EE9 /* URL.swift */ = {isa = PBXFileReference; fileEncoding = 4; lastKnownFileType = sourcecode.swift; path = URL.swift; sourceTree = "<group>"; };
		5254468A2256FF0300AD2EE9 /* FloatingPoint.swift */ = {isa = PBXFileReference; fileEncoding = 4; lastKnownFileType = sourcecode.swift; path = FloatingPoint.swift; sourceTree = "<group>"; };
		5254468B2256FF0300AD2EE9 /* Date.swift */ = {isa = PBXFileReference; fileEncoding = 4; lastKnownFileType = sourcecode.swift; path = Date.swift; sourceTree = "<group>"; };
		5254468C2256FF0300AD2EE9 /* BinaryInteger.swift */ = {isa = PBXFileReference; fileEncoding = 4; lastKnownFileType = sourcecode.swift; path = BinaryInteger.swift; sourceTree = "<group>"; };
		525446912256FF0B00AD2EE9 /* CVPixelBuffer.swift */ = {isa = PBXFileReference; fileEncoding = 4; lastKnownFileType = sourcecode.swift; path = CVPixelBuffer.swift; sourceTree = "<group>"; };
		525446922256FF0B00AD2EE9 /* CoreVideo.swift */ = {isa = PBXFileReference; fileEncoding = 4; lastKnownFileType = sourcecode.swift; path = CoreVideo.swift; sourceTree = "<group>"; };
		525446952256FF1200AD2EE9 /* CGSize.swift */ = {isa = PBXFileReference; fileEncoding = 4; lastKnownFileType = sourcecode.swift; path = CGSize.swift; sourceTree = "<group>"; };
		525446962256FF1200AD2EE9 /* CGImage.swift */ = {isa = PBXFileReference; fileEncoding = 4; lastKnownFileType = sourcecode.swift; path = CGImage.swift; sourceTree = "<group>"; };
		525446972256FF1200AD2EE9 /* CGPoint.swift */ = {isa = PBXFileReference; fileEncoding = 4; lastKnownFileType = sourcecode.swift; path = CGPoint.swift; sourceTree = "<group>"; };
		525446982256FF1200AD2EE9 /* CGRect.swift */ = {isa = PBXFileReference; fileEncoding = 4; lastKnownFileType = sourcecode.swift; path = CGRect.swift; sourceTree = "<group>"; };
		5254469D2256FF1B00AD2EE9 /* UIImage.swift */ = {isa = PBXFileReference; fileEncoding = 4; lastKnownFileType = sourcecode.swift; path = UIImage.swift; sourceTree = "<group>"; };
		5254469E2256FF1B00AD2EE9 /* UITableView.swift */ = {isa = PBXFileReference; fileEncoding = 4; lastKnownFileType = sourcecode.swift; path = UITableView.swift; sourceTree = "<group>"; };
		5254469F2256FF1B00AD2EE9 /* UITextView.swift */ = {isa = PBXFileReference; fileEncoding = 4; lastKnownFileType = sourcecode.swift; path = UITextView.swift; sourceTree = "<group>"; };
		525446A02256FF1B00AD2EE9 /* UIColor.swift */ = {isa = PBXFileReference; fileEncoding = 4; lastKnownFileType = sourcecode.swift; path = UIColor.swift; sourceTree = "<group>"; };
		525446A12256FF1B00AD2EE9 /* UIScrollView.swift */ = {isa = PBXFileReference; fileEncoding = 4; lastKnownFileType = sourcecode.swift; path = UIScrollView.swift; sourceTree = "<group>"; };
		525446A22256FF1B00AD2EE9 /* UITextField.swift */ = {isa = PBXFileReference; fileEncoding = 4; lastKnownFileType = sourcecode.swift; path = UITextField.swift; sourceTree = "<group>"; };
		525446A32256FF1B00AD2EE9 /* UIView.swift */ = {isa = PBXFileReference; fileEncoding = 4; lastKnownFileType = sourcecode.swift; path = UIView.swift; sourceTree = "<group>"; };
		525446A42256FF1C00AD2EE9 /* UIButton.swift */ = {isa = PBXFileReference; fileEncoding = 4; lastKnownFileType = sourcecode.swift; path = UIButton.swift; sourceTree = "<group>"; };
		525446A52256FF1C00AD2EE9 /* UIFont.swift */ = {isa = PBXFileReference; fileEncoding = 4; lastKnownFileType = sourcecode.swift; path = UIFont.swift; sourceTree = "<group>"; };
		525446A62256FF1C00AD2EE9 /* UICollectionView.swift */ = {isa = PBXFileReference; fileEncoding = 4; lastKnownFileType = sourcecode.swift; path = UICollectionView.swift; sourceTree = "<group>"; };
		525446B12256FF2200AD2EE9 /* MLModel.swift */ = {isa = PBXFileReference; fileEncoding = 4; lastKnownFileType = sourcecode.swift; path = MLModel.swift; sourceTree = "<group>"; };
		525700392292887E009311C2 /* UIView+Constraints.swift */ = {isa = PBXFileReference; lastKnownFileType = sourcecode.swift; path = "UIView+Constraints.swift"; sourceTree = "<group>"; };
		52876BFD22C5C6D6009ADB70 /* UIView+Property.swift */ = {isa = PBXFileReference; lastKnownFileType = sourcecode.swift; path = "UIView+Property.swift"; sourceTree = "<group>"; };
		52A8E63722A6195100D23D68 /* UILabel.swift */ = {isa = PBXFileReference; lastKnownFileType = sourcecode.swift; path = UILabel.swift; sourceTree = "<group>"; };
		52A8E63922A646E400D23D68 /* UIStackView.swift */ = {isa = PBXFileReference; lastKnownFileType = sourcecode.swift; path = UIStackView.swift; sourceTree = "<group>"; };
		52A8E63D22A64F9600D23D68 /* UIView+Stack.swift */ = {isa = PBXFileReference; lastKnownFileType = sourcecode.swift; path = "UIView+Stack.swift"; sourceTree = "<group>"; };
		52A8E63F22A652CD00D23D68 /* UIView+Shape.swift */ = {isa = PBXFileReference; lastKnownFileType = sourcecode.swift; path = "UIView+Shape.swift"; sourceTree = "<group>"; };
		52B510D622954C06003FE512 /* CIImage.swift */ = {isa = PBXFileReference; lastKnownFileType = sourcecode.swift; path = CIImage.swift; sourceTree = "<group>"; };
		52C4CDC9229BD10F00D10B7F /* UIEdgeInsets.swift */ = {isa = PBXFileReference; lastKnownFileType = sourcecode.swift; path = UIEdgeInsets.swift; sourceTree = "<group>"; };
		52EFF1BC22AA611B005DEC87 /* UIView+Priority.swift */ = {isa = PBXFileReference; lastKnownFileType = sourcecode.swift; path = "UIView+Priority.swift"; sourceTree = "<group>"; };
		52FD47A522D34BC200A2D03A /* Encodable.swift */ = {isa = PBXFileReference; lastKnownFileType = sourcecode.swift; path = Encodable.swift; sourceTree = "<group>"; };
		52FD47A722D34D8D00A2D03A /* Decodable.swift */ = {isa = PBXFileReference; lastKnownFileType = sourcecode.swift; path = Decodable.swift; sourceTree = "<group>"; };
		7403262C2460566500DC1181 /* UIViewController.swift */ = {isa = PBXFileReference; lastKnownFileType = sourcecode.swift; path = UIViewController.swift; sourceTree = "<group>"; };
		7403262E246057E300DC1181 /* String.swift */ = {isa = PBXFileReference; lastKnownFileType = sourcecode.swift; path = String.swift; sourceTree = "<group>"; };
		7403264524616A9C00DC1181 /* AVCaptureVideoOrientation.swift */ = {isa = PBXFileReference; lastKnownFileType = sourcecode.swift; path = AVCaptureVideoOrientation.swift; sourceTree = "<group>"; };
		7403264724616AED00DC1181 /* AVCaptureConnection.swift */ = {isa = PBXFileReference; lastKnownFileType = sourcecode.swift; path = AVCaptureConnection.swift; sourceTree = "<group>"; };
		74247D7D22BFE7BD00E6923C /* UILabel+Property.swift */ = {isa = PBXFileReference; lastKnownFileType = sourcecode.swift; path = "UILabel+Property.swift"; sourceTree = "<group>"; };
		74247DFB22CBBB7900E6923C /* UIButton+Property.swift */ = {isa = PBXFileReference; lastKnownFileType = sourcecode.swift; path = "UIButton+Property.swift"; sourceTree = "<group>"; };
		7443C4CE255A664F000955F9 /* Codable.swift */ = {isa = PBXFileReference; lastKnownFileType = sourcecode.swift; path = Codable.swift; sourceTree = "<group>"; };
		7447D33F2553FFE70005C368 /* UserDefaults.swift */ = {isa = PBXFileReference; lastKnownFileType = sourcecode.swift; path = UserDefaults.swift; sourceTree = "<group>"; };
		744873E225B12F4600B5E554 /* AVAsset.swift */ = {isa = PBXFileReference; lastKnownFileType = sourcecode.swift; path = AVAsset.swift; sourceTree = "<group>"; };
		74489A2D25A0749800CD0779 /* CALayer.swift */ = {isa = PBXFileReference; lastKnownFileType = sourcecode.swift; path = CALayer.swift; sourceTree = "<group>"; };
		744D0C5225A34C3D001A5BBA /* Float.swift */ = {isa = PBXFileReference; lastKnownFileType = sourcecode.swift; path = Float.swift; sourceTree = "<group>"; };
		7451B1B925F382A700B95DA4 /* Devices.swift */ = {isa = PBXFileReference; lastKnownFileType = sourcecode.swift; path = Devices.swift; sourceTree = "<group>"; };
		74551EAA25FB6C0D00F51B1B /* SlideOutTransitioning.swift */ = {isa = PBXFileReference; lastKnownFileType = sourcecode.swift; path = SlideOutTransitioning.swift; sourceTree = "<group>"; };
		74551EAE25FB6C7D00F51B1B /* BounceTransitioning.swift */ = {isa = PBXFileReference; lastKnownFileType = sourcecode.swift; path = BounceTransitioning.swift; sourceTree = "<group>"; };
		74551EB225FB6CCB00F51B1B /* SlideInTransitioning.swift */ = {isa = PBXFileReference; lastKnownFileType = sourcecode.swift; path = SlideInTransitioning.swift; sourceTree = "<group>"; };
		74551EB725FB6E2000F51B1B /* PopupPresentationController.swift */ = {isa = PBXFileReference; lastKnownFileType = sourcecode.swift; path = PopupPresentationController.swift; sourceTree = "<group>"; };
		7462819525E2B6EE003641C1 /* GradientView.swift */ = {isa = PBXFileReference; lastKnownFileType = sourcecode.swift; path = GradientView.swift; sourceTree = "<group>"; };
		7462819B25E2B747003641C1 /* BaseView.swift */ = {isa = PBXFileReference; lastKnownFileType = sourcecode.swift; path = BaseView.swift; sourceTree = "<group>"; };
		74710E8524545DC0006E5023 /* CGImagePropertyOrientation.swift */ = {isa = PBXFileReference; lastKnownFileType = sourcecode.swift; path = CGImagePropertyOrientation.swift; sourceTree = "<group>"; };
		74B6B19726860F3900766C0A /* CGAffineTransform.swift */ = {isa = PBXFileReference; lastKnownFileType = sourcecode.swift; path = CGAffineTransform.swift; sourceTree = "<group>"; };
		74D2305625ECEE04006128FF /* NSMutableAttributedString.swift */ = {isa = PBXFileReference; lastKnownFileType = sourcecode.swift; path = NSMutableAttributedString.swift; sourceTree = "<group>"; };
		74E7D4D9247E52F000A32448 /* TimeInterval.swift */ = {isa = PBXFileReference; lastKnownFileType = sourcecode.swift; path = TimeInterval.swift; sourceTree = "<group>"; };
		74F3CAE425355A8C0007091F /* UITextField+Property.swift */ = {isa = PBXFileReference; lastKnownFileType = sourcecode.swift; path = "UITextField+Property.swift"; sourceTree = "<group>"; };
/* End PBXFileReference section */

/* Begin PBXFrameworksBuildPhase section */
		525446672256FE6900AD2EE9 /* Frameworks */ = {
			isa = PBXFrameworksBuildPhase;
			buildActionMask = 2147483647;
			files = (
			);
			runOnlyForDeploymentPostprocessing = 0;
		};
		525446702256FE6A00AD2EE9 /* Frameworks */ = {
			isa = PBXFrameworksBuildPhase;
			buildActionMask = 2147483647;
			files = (
				525446742256FE6A00AD2EE9 /* lxextension.framework in Frameworks */,
			);
			runOnlyForDeploymentPostprocessing = 0;
		};
/* End PBXFrameworksBuildPhase section */

/* Begin PBXGroup section */
		522526B0228AABD1008BDA1F /* Photos */ = {
			isa = PBXGroup;
			children = (
				522526B1228AABE7008BDA1F /* PHAssetCollection.swift */,
			);
			path = Photos;
			sourceTree = "<group>";
		};
		525446602256FE6900AD2EE9 = {
			isa = PBXGroup;
			children = (
				5254466C2256FE6900AD2EE9 /* lxextension */,
				525446772256FE6A00AD2EE9 /* lxextensionTests */,
				5254466B2256FE6900AD2EE9 /* Products */,
			);
			sourceTree = "<group>";
		};
		5254466B2256FE6900AD2EE9 /* Products */ = {
			isa = PBXGroup;
			children = (
				5254466A2256FE6900AD2EE9 /* lxextension.framework */,
				525446732256FE6A00AD2EE9 /* lxextensionTests.xctest */,
			);
			name = Products;
			sourceTree = "<group>";
		};
		5254466C2256FE6900AD2EE9 /* lxextension */ = {
			isa = PBXGroup;
			children = (
				7451B1B825F3829B00B95DA4 /* Utils */,
				7462819425E2B6DC003641C1 /* Common Views */,
				74551EB625FB6DF300F51B1B /* Common Presentation Controller */,
				74551EA925FB6BAF00F51B1B /* Common Transitioning */,
				74489A2C25A0744E00CD0779 /* CoreAnimation */,
				7403264424616A8400DC1181 /* AVFoundation */,
				522526B0228AABD1008BDA1F /* Photos */,
				525446882256FEAE00AD2EE9 /* Foundation */,
				52B510D522954BEC003FE512 /* CoreImage */,
				525446872256FEA700AD2EE9 /* CoreVideo */,
				525446862256FE9E00AD2EE9 /* CoreGraphics */,
				525446852256FE9000AD2EE9 /* UIKit */,
				525446842256FE8500AD2EE9 /* CoreML */,
				5254466D2256FE6900AD2EE9 /* lxextension.h */,
				5254466E2256FE6900AD2EE9 /* Info.plist */,
			);
			path = lxextension;
			sourceTree = "<group>";
		};
		525446772256FE6A00AD2EE9 /* lxextensionTests */ = {
			isa = PBXGroup;
			children = (
				525446782256FE6A00AD2EE9 /* lxextensionTests.swift */,
				5254467A2256FE6A00AD2EE9 /* Info.plist */,
			);
			path = lxextensionTests;
			sourceTree = "<group>";
		};
		525446842256FE8500AD2EE9 /* CoreML */ = {
			isa = PBXGroup;
			children = (
				525446B12256FF2200AD2EE9 /* MLModel.swift */,
			);
			path = CoreML;
			sourceTree = "<group>";
		};
		525446852256FE9000AD2EE9 /* UIKit */ = {
			isa = PBXGroup;
			children = (
				525446A42256FF1C00AD2EE9 /* UIButton.swift */,
				74247DFB22CBBB7900E6923C /* UIButton+Property.swift */,
				525446A62256FF1C00AD2EE9 /* UICollectionView.swift */,
				525446A02256FF1B00AD2EE9 /* UIColor.swift */,
				525446A52256FF1C00AD2EE9 /* UIFont.swift */,
				5254469D2256FF1B00AD2EE9 /* UIImage.swift */,
				521B31A422A8C62B006A6DA1 /* UIImageView.swift */,
				525446A12256FF1B00AD2EE9 /* UIScrollView.swift */,
				5254469E2256FF1B00AD2EE9 /* UITableView.swift */,
				74F3CAE425355A8C0007091F /* UITextField+Property.swift */,
				525446A22256FF1B00AD2EE9 /* UITextField.swift */,
				5254469F2256FF1B00AD2EE9 /* UITextView.swift */,
				525446A32256FF1B00AD2EE9 /* UIView.swift */,
				52876BFD22C5C6D6009ADB70 /* UIView+Property.swift */,
				525700392292887E009311C2 /* UIView+Constraints.swift */,
				52EFF1BC22AA611B005DEC87 /* UIView+Priority.swift */,
				52A8E63F22A652CD00D23D68 /* UIView+Shape.swift */,
				52A8E63D22A64F9600D23D68 /* UIView+Stack.swift */,
				52C4CDC9229BD10F00D10B7F /* UIEdgeInsets.swift */,
				52A8E63722A6195100D23D68 /* UILabel.swift */,
				74247D7D22BFE7BD00E6923C /* UILabel+Property.swift */,
				52A8E63922A646E400D23D68 /* UIStackView.swift */,
				7403262C2460566500DC1181 /* UIViewController.swift */,
			);
			path = UIKit;
			sourceTree = "<group>";
		};
		525446862256FE9E00AD2EE9 /* CoreGraphics */ = {
			isa = PBXGroup;
			children = (
				525446962256FF1200AD2EE9 /* CGImage.swift */,
				525446972256FF1200AD2EE9 /* CGPoint.swift */,
				525446982256FF1200AD2EE9 /* CGRect.swift */,
				525446952256FF1200AD2EE9 /* CGSize.swift */,
				74710E8524545DC0006E5023 /* CGImagePropertyOrientation.swift */,
				74B6B19726860F3900766C0A /* CGAffineTransform.swift */,
			);
			path = CoreGraphics;
			sourceTree = "<group>";
		};
		525446872256FEA700AD2EE9 /* CoreVideo */ = {
			isa = PBXGroup;
			children = (
				525446922256FF0B00AD2EE9 /* CoreVideo.swift */,
				525446912256FF0B00AD2EE9 /* CVPixelBuffer.swift */,
			);
			path = CoreVideo;
			sourceTree = "<group>";
		};
		525446882256FEAE00AD2EE9 /* Foundation */ = {
			isa = PBXGroup;
			children = (
				5254468C2256FF0300AD2EE9 /* BinaryInteger.swift */,
				5254468B2256FF0300AD2EE9 /* Date.swift */,
				5254468A2256FF0300AD2EE9 /* FloatingPoint.swift */,
				525446892256FF0300AD2EE9 /* URL.swift */,
				52FD47A522D34BC200A2D03A /* Encodable.swift */,
				52FD47A722D34D8D00A2D03A /* Decodable.swift */,
				7403262E246057E300DC1181 /* String.swift */,
				74E7D4D9247E52F000A32448 /* TimeInterval.swift */,
				7447D33F2553FFE70005C368 /* UserDefaults.swift */,
				7443C4CE255A664F000955F9 /* Codable.swift */,
				744D0C5225A34C3D001A5BBA /* Float.swift */,
				74D2305625ECEE04006128FF /* NSMutableAttributedString.swift */,
			);
			path = Foundation;
			sourceTree = "<group>";
		};
		52B510D522954BEC003FE512 /* CoreImage */ = {
			isa = PBXGroup;
			children = (
				52B510D622954C06003FE512 /* CIImage.swift */,
			);
			path = CoreImage;
			sourceTree = "<group>";
		};
		7403264424616A8400DC1181 /* AVFoundation */ = {
			isa = PBXGroup;
			children = (
				7403264524616A9C00DC1181 /* AVCaptureVideoOrientation.swift */,
				7403264724616AED00DC1181 /* AVCaptureConnection.swift */,
				744873E225B12F4600B5E554 /* AVAsset.swift */,
			);
			path = AVFoundation;
			sourceTree = "<group>";
		};
		74489A2C25A0744E00CD0779 /* CoreAnimation */ = {
			isa = PBXGroup;
			children = (
				74489A2D25A0749800CD0779 /* CALayer.swift */,
			);
			path = CoreAnimation;
			sourceTree = "<group>";
		};
		7451B1B825F3829B00B95DA4 /* Utils */ = {
			isa = PBXGroup;
			children = (
				7451B1B925F382A700B95DA4 /* Devices.swift */,
			);
			path = Utils;
			sourceTree = "<group>";
		};
		74551EA925FB6BAF00F51B1B /* Common Transitioning */ = {
			isa = PBXGroup;
			children = (
				74551EAA25FB6C0D00F51B1B /* SlideOutTransitioning.swift */,
				74551EAE25FB6C7D00F51B1B /* BounceTransitioning.swift */,
				74551EB225FB6CCB00F51B1B /* SlideInTransitioning.swift */,
			);
			path = "Common Transitioning";
			sourceTree = "<group>";
		};
		74551EB625FB6DF300F51B1B /* Common Presentation Controller */ = {
			isa = PBXGroup;
			children = (
				74551EB725FB6E2000F51B1B /* PopupPresentationController.swift */,
			);
			path = "Common Presentation Controller";
			sourceTree = "<group>";
		};
		7462819425E2B6DC003641C1 /* Common Views */ = {
			isa = PBXGroup;
			children = (
				7462819B25E2B747003641C1 /* BaseView.swift */,
				7462819525E2B6EE003641C1 /* GradientView.swift */,
			);
			path = "Common Views";
			sourceTree = "<group>";
		};
/* End PBXGroup section */

/* Begin PBXHeadersBuildPhase section */
		525446652256FE6900AD2EE9 /* Headers */ = {
			isa = PBXHeadersBuildPhase;
			buildActionMask = 2147483647;
			files = (
				5254467B2256FE6A00AD2EE9 /* lxextension.h in Headers */,
			);
			runOnlyForDeploymentPostprocessing = 0;
		};
/* End PBXHeadersBuildPhase section */

/* Begin PBXNativeTarget section */
		525446692256FE6900AD2EE9 /* lxextension */ = {
			isa = PBXNativeTarget;
			buildConfigurationList = 5254467E2256FE6A00AD2EE9 /* Build configuration list for PBXNativeTarget "lxextension" */;
			buildPhases = (
				525446652256FE6900AD2EE9 /* Headers */,
				525446662256FE6900AD2EE9 /* Sources */,
				525446672256FE6900AD2EE9 /* Frameworks */,
				525446682256FE6900AD2EE9 /* Resources */,
			);
			buildRules = (
			);
			dependencies = (
			);
			name = lxextension;
			productName = lxextension;
			productReference = 5254466A2256FE6900AD2EE9 /* lxextension.framework */;
			productType = "com.apple.product-type.framework";
		};
		525446722256FE6A00AD2EE9 /* lxextensionTests */ = {
			isa = PBXNativeTarget;
			buildConfigurationList = 525446812256FE6A00AD2EE9 /* Build configuration list for PBXNativeTarget "lxextensionTests" */;
			buildPhases = (
				5254466F2256FE6A00AD2EE9 /* Sources */,
				525446702256FE6A00AD2EE9 /* Frameworks */,
				525446712256FE6A00AD2EE9 /* Resources */,
			);
			buildRules = (
			);
			dependencies = (
				525446762256FE6A00AD2EE9 /* PBXTargetDependency */,
			);
			name = lxextensionTests;
			productName = lxextensionTests;
			productReference = 525446732256FE6A00AD2EE9 /* lxextensionTests.xctest */;
			productType = "com.apple.product-type.bundle.unit-test";
		};
/* End PBXNativeTarget section */

/* Begin PBXProject section */
		525446612256FE6900AD2EE9 /* Project object */ = {
			isa = PBXProject;
			attributes = {
				LastSwiftUpdateCheck = 1020;
				LastUpgradeCheck = 1020;
				ORGANIZATIONNAME = luantran;
				TargetAttributes = {
					525446692256FE6900AD2EE9 = {
						CreatedOnToolsVersion = 10.2;
						LastSwiftMigration = 1020;
					};
					525446722256FE6A00AD2EE9 = {
						CreatedOnToolsVersion = 10.2;
					};
				};
			};
			buildConfigurationList = 525446642256FE6900AD2EE9 /* Build configuration list for PBXProject "lxextension" */;
			compatibilityVersion = "Xcode 9.3";
			developmentRegion = en;
			hasScannedForEncodings = 0;
			knownRegions = (
				en,
			);
			mainGroup = 525446602256FE6900AD2EE9;
			productRefGroup = 5254466B2256FE6900AD2EE9 /* Products */;
			projectDirPath = "";
			projectRoot = "";
			targets = (
				525446692256FE6900AD2EE9 /* lxextension */,
				525446722256FE6A00AD2EE9 /* lxextensionTests */,
			);
		};
/* End PBXProject section */

/* Begin PBXResourcesBuildPhase section */
		525446682256FE6900AD2EE9 /* Resources */ = {
			isa = PBXResourcesBuildPhase;
			buildActionMask = 2147483647;
			files = (
			);
			runOnlyForDeploymentPostprocessing = 0;
		};
		525446712256FE6A00AD2EE9 /* Resources */ = {
			isa = PBXResourcesBuildPhase;
			buildActionMask = 2147483647;
			files = (
			);
			runOnlyForDeploymentPostprocessing = 0;
		};
/* End PBXResourcesBuildPhase section */

/* Begin PBXSourcesBuildPhase section */
		525446662256FE6900AD2EE9 /* Sources */ = {
			isa = PBXSourcesBuildPhase;
			buildActionMask = 2147483647;
			files = (
				7403264624616A9C00DC1181 /* AVCaptureVideoOrientation.swift in Sources */,
				74710E8624545DC0006E5023 /* CGImagePropertyOrientation.swift in Sources */,
				525446AB2256FF1C00AD2EE9 /* UIScrollView.swift in Sources */,
				74B6B19826860F3900766C0A /* CGAffineTransform.swift in Sources */,
				525446932256FF0B00AD2EE9 /* CVPixelBuffer.swift in Sources */,
				525446AA2256FF1C00AD2EE9 /* UIColor.swift in Sources */,
				525446AC2256FF1C00AD2EE9 /* UITextField.swift in Sources */,
				74247DFC22CBBB7900E6923C /* UIButton+Property.swift in Sources */,
				7451B1BA25F382A700B95DA4 /* Devices.swift in Sources */,
				74E7D4DA247E52F000A32448 /* TimeInterval.swift in Sources */,
				52876BFE22C5C6D6009ADB70 /* UIView+Property.swift in Sources */,
				74F3CAE525355A8C0007091F /* UITextField+Property.swift in Sources */,
				525446A72256FF1C00AD2EE9 /* UIImage.swift in Sources */,
				5254468E2256FF0300AD2EE9 /* FloatingPoint.swift in Sources */,
				74551EAF25FB6C7D00F51B1B /* BounceTransitioning.swift in Sources */,
				74551EAB25FB6C0D00F51B1B /* SlideOutTransitioning.swift in Sources */,
				52B510D722954C06003FE512 /* CIImage.swift in Sources */,
				52FD47A822D34D8D00A2D03A /* Decodable.swift in Sources */,
				525446942256FF0B00AD2EE9 /* CoreVideo.swift in Sources */,
				52A8E64022A652CD00D23D68 /* UIView+Shape.swift in Sources */,
				525446B22256FF2200AD2EE9 /* MLModel.swift in Sources */,
				525446992256FF1200AD2EE9 /* CGSize.swift in Sources */,
				7403264824616AEE00DC1181 /* AVCaptureConnection.swift in Sources */,
				52A8E63A22A646E400D23D68 /* UIStackView.swift in Sources */,
				52EFF1BD22AA611B005DEC87 /* UIView+Priority.swift in Sources */,
				525446A82256FF1C00AD2EE9 /* UITableView.swift in Sources */,
				74D2305725ECEE04006128FF /* NSMutableAttributedString.swift in Sources */,
				52C4CDCA229BD10F00D10B7F /* UIEdgeInsets.swift in Sources */,
				7443C4CF255A664F000955F9 /* Codable.swift in Sources */,
				525446A92256FF1C00AD2EE9 /* UITextView.swift in Sources */,
				7462819625E2B6EE003641C1 /* GradientView.swift in Sources */,
				52FD47A622D34BC200A2D03A /* Encodable.swift in Sources */,
				525446B02256FF1C00AD2EE9 /* UICollectionView.swift in Sources */,
				7403262D2460566500DC1181 /* UIViewController.swift in Sources */,
				521B31A522A8C62B006A6DA1 /* UIImageView.swift in Sources */,
				744D0C5325A34C3D001A5BBA /* Float.swift in Sources */,
				52A8E63822A6195100D23D68 /* UILabel.swift in Sources */,
				744873E325B12F4600B5E554 /* AVAsset.swift in Sources */,
				525446AF2256FF1C00AD2EE9 /* UIFont.swift in Sources */,
				5254469B2256FF1200AD2EE9 /* CGPoint.swift in Sources */,
				7403262F246057E300DC1181 /* String.swift in Sources */,
				525446902256FF0300AD2EE9 /* BinaryInteger.swift in Sources */,
				7462819C25E2B747003641C1 /* BaseView.swift in Sources */,
				5254469A2256FF1200AD2EE9 /* CGImage.swift in Sources */,
				525446AD2256FF1C00AD2EE9 /* UIView.swift in Sources */,
				5254469C2256FF1200AD2EE9 /* CGRect.swift in Sources */,
				7447D3402553FFE70005C368 /* UserDefaults.swift in Sources */,
				522526B2228AABE7008BDA1F /* PHAssetCollection.swift in Sources */,
				52A8E63E22A64F9600D23D68 /* UIView+Stack.swift in Sources */,
				74551EB825FB6E2000F51B1B /* PopupPresentationController.swift in Sources */,
				5257003A2292887E009311C2 /* UIView+Constraints.swift in Sources */,
				5254468F2256FF0300AD2EE9 /* Date.swift in Sources */,
				5254468D2256FF0300AD2EE9 /* URL.swift in Sources */,
				74489A2E25A0749800CD0779 /* CALayer.swift in Sources */,
				525446AE2256FF1C00AD2EE9 /* UIButton.swift in Sources */,
				74247D7E22BFE7BD00E6923C /* UILabel+Property.swift in Sources */,
				74551EB325FB6CCB00F51B1B /* SlideInTransitioning.swift in Sources */,
			);
			runOnlyForDeploymentPostprocessing = 0;
		};
		5254466F2256FE6A00AD2EE9 /* Sources */ = {
			isa = PBXSourcesBuildPhase;
			buildActionMask = 2147483647;
			files = (
				525446792256FE6A00AD2EE9 /* lxextensionTests.swift in Sources */,
			);
			runOnlyForDeploymentPostprocessing = 0;
		};
/* End PBXSourcesBuildPhase section */

/* Begin PBXTargetDependency section */
		525446762256FE6A00AD2EE9 /* PBXTargetDependency */ = {
			isa = PBXTargetDependency;
			target = 525446692256FE6900AD2EE9 /* lxextension */;
			targetProxy = 525446752256FE6A00AD2EE9 /* PBXContainerItemProxy */;
		};
/* End PBXTargetDependency section */

/* Begin XCBuildConfiguration section */
		5254467C2256FE6A00AD2EE9 /* Debug */ = {
			isa = XCBuildConfiguration;
			buildSettings = {
				ALWAYS_SEARCH_USER_PATHS = NO;
				CLANG_ANALYZER_NONNULL = YES;
				CLANG_ANALYZER_NUMBER_OBJECT_CONVERSION = YES_AGGRESSIVE;
				CLANG_CXX_LANGUAGE_STANDARD = "gnu++14";
				CLANG_CXX_LIBRARY = "libc++";
				CLANG_ENABLE_MODULES = YES;
				CLANG_ENABLE_OBJC_ARC = YES;
				CLANG_ENABLE_OBJC_WEAK = YES;
				CLANG_WARN_BLOCK_CAPTURE_AUTORELEASING = YES;
				CLANG_WARN_BOOL_CONVERSION = YES;
				CLANG_WARN_COMMA = YES;
				CLANG_WARN_CONSTANT_CONVERSION = YES;
				CLANG_WARN_DEPRECATED_OBJC_IMPLEMENTATIONS = YES;
				CLANG_WARN_DIRECT_OBJC_ISA_USAGE = YES_ERROR;
				CLANG_WARN_DOCUMENTATION_COMMENTS = YES;
				CLANG_WARN_EMPTY_BODY = YES;
				CLANG_WARN_ENUM_CONVERSION = YES;
				CLANG_WARN_INFINITE_RECURSION = YES;
				CLANG_WARN_INT_CONVERSION = YES;
				CLANG_WARN_NON_LITERAL_NULL_CONVERSION = YES;
				CLANG_WARN_OBJC_IMPLICIT_RETAIN_SELF = YES;
				CLANG_WARN_OBJC_LITERAL_CONVERSION = YES;
				CLANG_WARN_OBJC_ROOT_CLASS = YES_ERROR;
				CLANG_WARN_RANGE_LOOP_ANALYSIS = YES;
				CLANG_WARN_STRICT_PROTOTYPES = YES;
				CLANG_WARN_SUSPICIOUS_MOVE = YES;
				CLANG_WARN_UNGUARDED_AVAILABILITY = YES_AGGRESSIVE;
				CLANG_WARN_UNREACHABLE_CODE = YES;
				CLANG_WARN__DUPLICATE_METHOD_MATCH = YES;
				CODE_SIGN_IDENTITY = "iPhone Developer";
				COPY_PHASE_STRIP = NO;
				CURRENT_PROJECT_VERSION = 1;
				DEBUG_INFORMATION_FORMAT = dwarf;
				ENABLE_STRICT_OBJC_MSGSEND = YES;
				ENABLE_TESTABILITY = YES;
				GCC_C_LANGUAGE_STANDARD = gnu11;
				GCC_DYNAMIC_NO_PIC = NO;
				GCC_NO_COMMON_BLOCKS = YES;
				GCC_OPTIMIZATION_LEVEL = 0;
				GCC_PREPROCESSOR_DEFINITIONS = (
					"DEBUG=1",
					"$(inherited)",
				);
				GCC_WARN_64_TO_32_BIT_CONVERSION = YES;
				GCC_WARN_ABOUT_RETURN_TYPE = YES_ERROR;
				GCC_WARN_UNDECLARED_SELECTOR = YES;
				GCC_WARN_UNINITIALIZED_AUTOS = YES_AGGRESSIVE;
				GCC_WARN_UNUSED_FUNCTION = YES;
				GCC_WARN_UNUSED_VARIABLE = YES;
				IPHONEOS_DEPLOYMENT_TARGET = 12.2;
				MTL_ENABLE_DEBUG_INFO = INCLUDE_SOURCE;
				MTL_FAST_MATH = YES;
				ONLY_ACTIVE_ARCH = YES;
				SDKROOT = iphoneos;
				SWIFT_ACTIVE_COMPILATION_CONDITIONS = DEBUG;
				SWIFT_OPTIMIZATION_LEVEL = "-Onone";
				VERSIONING_SYSTEM = "apple-generic";
				VERSION_INFO_PREFIX = "";
			};
			name = Debug;
		};
		5254467D2256FE6A00AD2EE9 /* Release */ = {
			isa = XCBuildConfiguration;
			buildSettings = {
				ALWAYS_SEARCH_USER_PATHS = NO;
				CLANG_ANALYZER_NONNULL = YES;
				CLANG_ANALYZER_NUMBER_OBJECT_CONVERSION = YES_AGGRESSIVE;
				CLANG_CXX_LANGUAGE_STANDARD = "gnu++14";
				CLANG_CXX_LIBRARY = "libc++";
				CLANG_ENABLE_MODULES = YES;
				CLANG_ENABLE_OBJC_ARC = YES;
				CLANG_ENABLE_OBJC_WEAK = YES;
				CLANG_WARN_BLOCK_CAPTURE_AUTORELEASING = YES;
				CLANG_WARN_BOOL_CONVERSION = YES;
				CLANG_WARN_COMMA = YES;
				CLANG_WARN_CONSTANT_CONVERSION = YES;
				CLANG_WARN_DEPRECATED_OBJC_IMPLEMENTATIONS = YES;
				CLANG_WARN_DIRECT_OBJC_ISA_USAGE = YES_ERROR;
				CLANG_WARN_DOCUMENTATION_COMMENTS = YES;
				CLANG_WARN_EMPTY_BODY = YES;
				CLANG_WARN_ENUM_CONVERSION = YES;
				CLANG_WARN_INFINITE_RECURSION = YES;
				CLANG_WARN_INT_CONVERSION = YES;
				CLANG_WARN_NON_LITERAL_NULL_CONVERSION = YES;
				CLANG_WARN_OBJC_IMPLICIT_RETAIN_SELF = YES;
				CLANG_WARN_OBJC_LITERAL_CONVERSION = YES;
				CLANG_WARN_OBJC_ROOT_CLASS = YES_ERROR;
				CLANG_WARN_RANGE_LOOP_ANALYSIS = YES;
				CLANG_WARN_STRICT_PROTOTYPES = YES;
				CLANG_WARN_SUSPICIOUS_MOVE = YES;
				CLANG_WARN_UNGUARDED_AVAILABILITY = YES_AGGRESSIVE;
				CLANG_WARN_UNREACHABLE_CODE = YES;
				CLANG_WARN__DUPLICATE_METHOD_MATCH = YES;
				CODE_SIGN_IDENTITY = "iPhone Developer";
				COPY_PHASE_STRIP = NO;
				CURRENT_PROJECT_VERSION = 1;
				DEBUG_INFORMATION_FORMAT = "dwarf-with-dsym";
				ENABLE_NS_ASSERTIONS = NO;
				ENABLE_STRICT_OBJC_MSGSEND = YES;
				GCC_C_LANGUAGE_STANDARD = gnu11;
				GCC_NO_COMMON_BLOCKS = YES;
				GCC_WARN_64_TO_32_BIT_CONVERSION = YES;
				GCC_WARN_ABOUT_RETURN_TYPE = YES_ERROR;
				GCC_WARN_UNDECLARED_SELECTOR = YES;
				GCC_WARN_UNINITIALIZED_AUTOS = YES_AGGRESSIVE;
				GCC_WARN_UNUSED_FUNCTION = YES;
				GCC_WARN_UNUSED_VARIABLE = YES;
				IPHONEOS_DEPLOYMENT_TARGET = 12.2;
				MTL_ENABLE_DEBUG_INFO = NO;
				MTL_FAST_MATH = YES;
				SDKROOT = iphoneos;
				SWIFT_COMPILATION_MODE = wholemodule;
				SWIFT_OPTIMIZATION_LEVEL = "-O";
				VALIDATE_PRODUCT = YES;
				VERSIONING_SYSTEM = "apple-generic";
				VERSION_INFO_PREFIX = "";
			};
			name = Release;
		};
		5254467F2256FE6A00AD2EE9 /* Debug */ = {
			isa = XCBuildConfiguration;
			buildSettings = {
				CLANG_ENABLE_MODULES = YES;
				CODE_SIGN_IDENTITY = "";
				CODE_SIGN_STYLE = Automatic;
				DEFINES_MODULE = YES;
				DEVELOPMENT_TEAM = TMH6L6FX6W;
				DYLIB_COMPATIBILITY_VERSION = 1;
				DYLIB_CURRENT_VERSION = 1;
				DYLIB_INSTALL_NAME_BASE = "@rpath";
				INFOPLIST_FILE = lxextension/Info.plist;
				INSTALL_PATH = "$(LOCAL_LIBRARY_DIR)/Frameworks";
				IPHONEOS_DEPLOYMENT_TARGET = 16.0;
				LD_RUNPATH_SEARCH_PATHS = (
					"$(inherited)",
					"@executable_path/Frameworks",
					"@loader_path/Frameworks",
				);
				PRODUCT_BUNDLE_IDENTIFIER = com.luantran.lxextension;
				PRODUCT_NAME = "$(TARGET_NAME:c99extidentifier)";
				SKIP_INSTALL = YES;
				SWIFT_OPTIMIZATION_LEVEL = "-Onone";
				SWIFT_VERSION = 4.2;
				TARGETED_DEVICE_FAMILY = "1,2";
			};
			name = Debug;
		};
		525446802256FE6A00AD2EE9 /* Release */ = {
			isa = XCBuildConfiguration;
			buildSettings = {
				CLANG_ENABLE_MODULES = YES;
				CODE_SIGN_IDENTITY = "";
				CODE_SIGN_STYLE = Automatic;
				DEFINES_MODULE = YES;
				DEVELOPMENT_TEAM = TMH6L6FX6W;
				DYLIB_COMPATIBILITY_VERSION = 1;
				DYLIB_CURRENT_VERSION = 1;
				DYLIB_INSTALL_NAME_BASE = "@rpath";
				INFOPLIST_FILE = lxextension/Info.plist;
				INSTALL_PATH = "$(LOCAL_LIBRARY_DIR)/Frameworks";
				IPHONEOS_DEPLOYMENT_TARGET = 16.0;
				LD_RUNPATH_SEARCH_PATHS = (
					"$(inherited)",
					"@executable_path/Frameworks",
					"@loader_path/Frameworks",
				);
				PRODUCT_BUNDLE_IDENTIFIER = com.luantran.lxextension;
				PRODUCT_NAME = "$(TARGET_NAME:c99extidentifier)";
				SKIP_INSTALL = YES;
				SWIFT_VERSION = 4.2;
				TARGETED_DEVICE_FAMILY = "1,2";
			};
			name = Release;
		};
		525446822256FE6A00AD2EE9 /* Debug */ = {
			isa = XCBuildConfiguration;
			buildSettings = {
				ALWAYS_EMBED_SWIFT_STANDARD_LIBRARIES = YES;
				CODE_SIGN_STYLE = Automatic;
				DEVELOPMENT_TEAM = TMH6L6FX6W;
				INFOPLIST_FILE = lxextensionTests/Info.plist;
				LD_RUNPATH_SEARCH_PATHS = (
					"$(inherited)",
					"@executable_path/Frameworks",
					"@loader_path/Frameworks",
				);
				PRODUCT_BUNDLE_IDENTIFIER = com.luantran.lxextensionTests;
				PRODUCT_NAME = "$(TARGET_NAME)";
				SWIFT_VERSION = 5.0;
				TARGETED_DEVICE_FAMILY = "1,2";
			};
			name = Debug;
		};
		525446832256FE6A00AD2EE9 /* Release */ = {
			isa = XCBuildConfiguration;
			buildSettings = {
				ALWAYS_EMBED_SWIFT_STANDARD_LIBRARIES = YES;
				CODE_SIGN_STYLE = Automatic;
				DEVELOPMENT_TEAM = TMH6L6FX6W;
				INFOPLIST_FILE = lxextensionTests/Info.plist;
				LD_RUNPATH_SEARCH_PATHS = (
					"$(inherited)",
					"@executable_path/Frameworks",
					"@loader_path/Frameworks",
				);
				PRODUCT_BUNDLE_IDENTIFIER = com.luantran.lxextensionTests;
				PRODUCT_NAME = "$(TARGET_NAME)";
				SWIFT_VERSION = 5.0;
				TARGETED_DEVICE_FAMILY = "1,2";
			};
			name = Release;
		};
/* End XCBuildConfiguration section */

/* Begin XCConfigurationList section */
		525446642256FE6900AD2EE9 /* Build configuration list for PBXProject "lxextension" */ = {
			isa = XCConfigurationList;
			buildConfigurations = (
				5254467C2256FE6A00AD2EE9 /* Debug */,
				5254467D2256FE6A00AD2EE9 /* Release */,
			);
			defaultConfigurationIsVisible = 0;
			defaultConfigurationName = Release;
		};
		5254467E2256FE6A00AD2EE9 /* Build configuration list for PBXNativeTarget "lxextension" */ = {
			isa = XCConfigurationList;
			buildConfigurations = (
				5254467F2256FE6A00AD2EE9 /* Debug */,
				525446802256FE6A00AD2EE9 /* Release */,
			);
			defaultConfigurationIsVisible = 0;
			defaultConfigurationName = Release;
		};
		525446812256FE6A00AD2EE9 /* Build configuration list for PBXNativeTarget "lxextensionTests" */ = {
			isa = XCConfigurationList;
			buildConfigurations = (
				525446822256FE6A00AD2EE9 /* Debug */,
				525446832256FE6A00AD2EE9 /* Release */,
			);
			defaultConfigurationIsVisible = 0;
			defaultConfigurationName = Release;
		};
/* End XCConfigurationList section */
	};
	rootObject = 525446612256FE6900AD2EE9 /* Project object */;
}
