// !$*UTF8*$!
{
	archiveVersion = 1;
	classes = {
	};
	objectVersion = 46;
	objects = {

/* Begin PBXBuildFile section */
		5216BF0F222D1A3D00E15B41 /* MLModel.swift in Sources */ = {isa = PBXBuildFile; fileRef = 5216BF0E222D1A3D00E15B41 /* MLModel.swift */; };
		5225156F21D0C06900751C35 /* CGPoint.swift in Sources */ = {isa = PBXBuildFile; fileRef = 5225156B21D0C06900751C35 /* CGPoint.swift */; };
		5225157021D0C06900751C35 /* CGRect.swift in Sources */ = {isa = PBXBuildFile; fileRef = 5225156C21D0C06900751C35 /* CGRect.swift */; };
		5225157121D0C06900751C35 /* CGImage.swift in Sources */ = {isa = PBXBuildFile; fileRef = 5225156D21D0C06900751C35 /* CGImage.swift */; };
		5225157221D0C06900751C35 /* CGSize.swift in Sources */ = {isa = PBXBuildFile; fileRef = 5225156E21D0C06900751C35 /* CGSize.swift */; };
		5225157521D0C08100751C35 /* CoreVideo.swift in Sources */ = {isa = PBXBuildFile; fileRef = 5225157321D0C08100751C35 /* CoreVideo.swift */; };
		5225157621D0C08100751C35 /* CVPixelBuffer.swift in Sources */ = {isa = PBXBuildFile; fileRef = 5225157421D0C08100751C35 /* CVPixelBuffer.swift */; };
		5225157B21D0C09500751C35 /* BinaryInteger.swift in Sources */ = {isa = PBXBuildFile; fileRef = 5225157721D0C09500751C35 /* BinaryInteger.swift */; };
		5225157C21D0C09500751C35 /* URL.swift in Sources */ = {isa = PBXBuildFile; fileRef = 5225157821D0C09500751C35 /* URL.swift */; };
		5225157D21D0C09500751C35 /* FloatingPoint.swift in Sources */ = {isa = PBXBuildFile; fileRef = 5225157921D0C09500751C35 /* FloatingPoint.swift */; };
		5225157E21D0C09500751C35 /* Date.swift in Sources */ = {isa = PBXBuildFile; fileRef = 5225157A21D0C09500751C35 /* Date.swift */; };
		5225158821D0C0AA00751C35 /* UITextField.swift in Sources */ = {isa = PBXBuildFile; fileRef = 5225157F21D0C0A900751C35 /* UITextField.swift */; };
		5225158921D0C0AA00751C35 /* UIImage.swift in Sources */ = {isa = PBXBuildFile; fileRef = 5225158021D0C0A900751C35 /* UIImage.swift */; };
		5225158A21D0C0AA00751C35 /* UITextView.swift in Sources */ = {isa = PBXBuildFile; fileRef = 5225158121D0C0A900751C35 /* UITextView.swift */; };
		5225158B21D0C0AA00751C35 /* UIFont.swift in Sources */ = {isa = PBXBuildFile; fileRef = 5225158221D0C0A900751C35 /* UIFont.swift */; };
		5225158C21D0C0AA00751C35 /* UITableView.swift in Sources */ = {isa = PBXBuildFile; fileRef = 5225158321D0C0A900751C35 /* UITableView.swift */; };
		5225158D21D0C0AA00751C35 /* UIScrollView.swift in Sources */ = {isa = PBXBuildFile; fileRef = 5225158421D0C0A900751C35 /* UIScrollView.swift */; };
		5225158E21D0C0AA00751C35 /* UIColor.swift in Sources */ = {isa = PBXBuildFile; fileRef = 5225158521D0C0AA00751C35 /* UIColor.swift */; };
		5225158F21D0C0AA00751C35 /* UICollectionView.swift in Sources */ = {isa = PBXBuildFile; fileRef = 5225158621D0C0AA00751C35 /* UICollectionView.swift */; };
		5225159021D0C0AA00751C35 /* UIView.swift in Sources */ = {isa = PBXBuildFile; fileRef = 5225158721D0C0AA00751C35 /* UIView.swift */; };
		74578E9622221BAB002AA829 /* UIButton.swift in Sources */ = {isa = PBXBuildFile; fileRef = 74578E9522221BAB002AA829 /* UIButton.swift */; };
		74883D811FFD17EC0052E3B9 /* UIColorTest.swift in Sources */ = {isa = PBXBuildFile; fileRef = 74883D801FFD17EC0052E3B9 /* UIColorTest.swift */; };
		74E889391FD3E50900B2E62E /* UIImageTest.swift in Sources */ = {isa = PBXBuildFile; fileRef = 74E889371FD3E4E300B2E62E /* UIImageTest.swift */; };
		74F001F01FDA0BAE00F46EC6 /* CGPointTest.swift in Sources */ = {isa = PBXBuildFile; fileRef = 74F001EF1FDA0BAE00F46EC6 /* CGPointTest.swift */; };
		FD5497B21FD63727006AED28 /* FloatingPointTest.swift in Sources */ = {isa = PBXBuildFile; fileRef = FD5497B11FD63727006AED28 /* FloatingPointTest.swift */; };
		OBJ_29 /* LXExtensionTests.swift in Sources */ = {isa = PBXBuildFile; fileRef = OBJ_12 /* LXExtensionTests.swift */; };
		OBJ_31 /* LXExtension.framework in Frameworks */ = {isa = PBXBuildFile; fileRef = OBJ_14 /* LXExtension.framework */; };
/* End PBXBuildFile section */

/* Begin PBXContainerItemProxy section */
		0F5A755E1F6D7A7800B20A94 /* PBXContainerItemProxy */ = {
			isa = PBXContainerItemProxy;
			containerPortal = OBJ_1 /* Project object */;
			proxyType = 1;
			remoteGlobalIDString = OBJ_16;
			remoteInfo = LXExtension;
		};
/* End PBXContainerItemProxy section */

/* Begin PBXFileReference section */
		5216BF0E222D1A3D00E15B41 /* MLModel.swift */ = {isa = PBXFileReference; lastKnownFileType = sourcecode.swift; path = MLModel.swift; sourceTree = "<group>"; };
		5225156B21D0C06900751C35 /* CGPoint.swift */ = {isa = PBXFileReference; fileEncoding = 4; lastKnownFileType = sourcecode.swift; path = CGPoint.swift; sourceTree = "<group>"; };
		5225156C21D0C06900751C35 /* CGRect.swift */ = {isa = PBXFileReference; fileEncoding = 4; lastKnownFileType = sourcecode.swift; path = CGRect.swift; sourceTree = "<group>"; };
		5225156D21D0C06900751C35 /* CGImage.swift */ = {isa = PBXFileReference; fileEncoding = 4; lastKnownFileType = sourcecode.swift; path = CGImage.swift; sourceTree = "<group>"; };
		5225156E21D0C06900751C35 /* CGSize.swift */ = {isa = PBXFileReference; fileEncoding = 4; lastKnownFileType = sourcecode.swift; path = CGSize.swift; sourceTree = "<group>"; };
		5225157321D0C08100751C35 /* CoreVideo.swift */ = {isa = PBXFileReference; fileEncoding = 4; lastKnownFileType = sourcecode.swift; path = CoreVideo.swift; sourceTree = "<group>"; };
		5225157421D0C08100751C35 /* CVPixelBuffer.swift */ = {isa = PBXFileReference; fileEncoding = 4; lastKnownFileType = sourcecode.swift; path = CVPixelBuffer.swift; sourceTree = "<group>"; };
		5225157721D0C09500751C35 /* BinaryInteger.swift */ = {isa = PBXFileReference; fileEncoding = 4; lastKnownFileType = sourcecode.swift; path = BinaryInteger.swift; sourceTree = "<group>"; };
		5225157821D0C09500751C35 /* URL.swift */ = {isa = PBXFileReference; fileEncoding = 4; lastKnownFileType = sourcecode.swift; path = URL.swift; sourceTree = "<group>"; };
		5225157921D0C09500751C35 /* FloatingPoint.swift */ = {isa = PBXFileReference; fileEncoding = 4; lastKnownFileType = sourcecode.swift; path = FloatingPoint.swift; sourceTree = "<group>"; };
		5225157A21D0C09500751C35 /* Date.swift */ = {isa = PBXFileReference; fileEncoding = 4; lastKnownFileType = sourcecode.swift; path = Date.swift; sourceTree = "<group>"; };
		5225157F21D0C0A900751C35 /* UITextField.swift */ = {isa = PBXFileReference; fileEncoding = 4; lastKnownFileType = sourcecode.swift; path = UITextField.swift; sourceTree = "<group>"; };
		5225158021D0C0A900751C35 /* UIImage.swift */ = {isa = PBXFileReference; fileEncoding = 4; lastKnownFileType = sourcecode.swift; path = UIImage.swift; sourceTree = "<group>"; };
		5225158121D0C0A900751C35 /* UITextView.swift */ = {isa = PBXFileReference; fileEncoding = 4; lastKnownFileType = sourcecode.swift; path = UITextView.swift; sourceTree = "<group>"; };
		5225158221D0C0A900751C35 /* UIFont.swift */ = {isa = PBXFileReference; fileEncoding = 4; lastKnownFileType = sourcecode.swift; path = UIFont.swift; sourceTree = "<group>"; };
		5225158321D0C0A900751C35 /* UITableView.swift */ = {isa = PBXFileReference; fileEncoding = 4; lastKnownFileType = sourcecode.swift; path = UITableView.swift; sourceTree = "<group>"; };
		5225158421D0C0A900751C35 /* UIScrollView.swift */ = {isa = PBXFileReference; fileEncoding = 4; lastKnownFileType = sourcecode.swift; path = UIScrollView.swift; sourceTree = "<group>"; };
		5225158521D0C0AA00751C35 /* UIColor.swift */ = {isa = PBXFileReference; fileEncoding = 4; lastKnownFileType = sourcecode.swift; path = UIColor.swift; sourceTree = "<group>"; };
		5225158621D0C0AA00751C35 /* UICollectionView.swift */ = {isa = PBXFileReference; fileEncoding = 4; lastKnownFileType = sourcecode.swift; path = UICollectionView.swift; sourceTree = "<group>"; };
		5225158721D0C0AA00751C35 /* UIView.swift */ = {isa = PBXFileReference; fileEncoding = 4; lastKnownFileType = sourcecode.swift; path = UIView.swift; sourceTree = "<group>"; };
		74578E9522221BAB002AA829 /* UIButton.swift */ = {isa = PBXFileReference; lastKnownFileType = sourcecode.swift; path = UIButton.swift; sourceTree = "<group>"; };
		74883D801FFD17EC0052E3B9 /* UIColorTest.swift */ = {isa = PBXFileReference; lastKnownFileType = sourcecode.swift; path = UIColorTest.swift; sourceTree = "<group>"; };
		74E889371FD3E4E300B2E62E /* UIImageTest.swift */ = {isa = PBXFileReference; lastKnownFileType = sourcecode.swift; name = UIImageTest.swift; path = Tests/LXExtensionTests/UIKit/UIImageTest.swift; sourceTree = SOURCE_ROOT; };
		74F001EF1FDA0BAE00F46EC6 /* CGPointTest.swift */ = {isa = PBXFileReference; lastKnownFileType = sourcecode.swift; path = CGPointTest.swift; sourceTree = "<group>"; };
		FD5497B11FD63727006AED28 /* FloatingPointTest.swift */ = {isa = PBXFileReference; fileEncoding = 4; lastKnownFileType = sourcecode.swift; name = FloatingPointTest.swift; path = Tests/LXExtensionTests/Foundation/FloatingPointTest.swift; sourceTree = SOURCE_ROOT; };
		OBJ_12 /* LXExtensionTests.swift */ = {isa = PBXFileReference; lastKnownFileType = sourcecode.swift; path = LXExtensionTests.swift; sourceTree = "<group>"; };
		OBJ_14 /* LXExtension.framework */ = {isa = PBXFileReference; explicitFileType = wrapper.framework; path = LXExtension.framework; sourceTree = BUILT_PRODUCTS_DIR; };
		OBJ_15 /* LXExtensionTests.xctest */ = {isa = PBXFileReference; explicitFileType = wrapper.cfbundle; path = LXExtensionTests.xctest; sourceTree = BUILT_PRODUCTS_DIR; };
		OBJ_6 /* Package.swift */ = {isa = PBXFileReference; explicitFileType = sourcecode.swift; path = Package.swift; sourceTree = "<group>"; };
/* End PBXFileReference section */

/* Begin PBXFrameworksBuildPhase section */
		OBJ_23 /* Frameworks */ = {
			isa = PBXFrameworksBuildPhase;
			buildActionMask = 0;
			files = (
			);
			runOnlyForDeploymentPostprocessing = 0;
		};
		OBJ_30 /* Frameworks */ = {
			isa = PBXFrameworksBuildPhase;
			buildActionMask = 0;
			files = (
				OBJ_31 /* LXExtension.framework in Frameworks */,
			);
			runOnlyForDeploymentPostprocessing = 0;
		};
/* End PBXFrameworksBuildPhase section */

/* Begin PBXGroup section */
		0F764E821F740DE100861D41 /* Foundation */ = {
			isa = PBXGroup;
			children = (
				5225157721D0C09500751C35 /* BinaryInteger.swift */,
				5225157A21D0C09500751C35 /* Date.swift */,
				5225157921D0C09500751C35 /* FloatingPoint.swift */,
				5225157821D0C09500751C35 /* URL.swift */,
			);
			path = Foundation;
			sourceTree = "<group>";
		};
		0F764E831F740DF400861D41 /* UIKit */ = {
			isa = PBXGroup;
			children = (
				5225158621D0C0AA00751C35 /* UICollectionView.swift */,
				5225158521D0C0AA00751C35 /* UIColor.swift */,
				5225158221D0C0A900751C35 /* UIFont.swift */,
				5225158021D0C0A900751C35 /* UIImage.swift */,
				5225158421D0C0A900751C35 /* UIScrollView.swift */,
				5225158321D0C0A900751C35 /* UITableView.swift */,
				5225157F21D0C0A900751C35 /* UITextField.swift */,
				5225158121D0C0A900751C35 /* UITextView.swift */,
				5225158721D0C0AA00751C35 /* UIView.swift */,
				74578E9522221BAB002AA829 /* UIButton.swift */,
			);
			path = UIKit;
			sourceTree = "<group>";
		};
		0F764E841F740E0600861D41 /* CoreGraphics */ = {
			isa = PBXGroup;
			children = (
				5225156D21D0C06900751C35 /* CGImage.swift */,
				5225156B21D0C06900751C35 /* CGPoint.swift */,
				5225156C21D0C06900751C35 /* CGRect.swift */,
				5225156E21D0C06900751C35 /* CGSize.swift */,
			);
			path = CoreGraphics;
			sourceTree = "<group>";
		};
		5216BF0D222D1A2700E15B41 /* CoreML */ = {
			isa = PBXGroup;
			children = (
				5216BF0E222D1A3D00E15B41 /* MLModel.swift */,
			);
			path = CoreML;
			sourceTree = "<group>";
		};
		5225155F21D0B35700751C35 /* CoreVideo */ = {
			isa = PBXGroup;
			children = (
				5225157321D0C08100751C35 /* CoreVideo.swift */,
				5225157421D0C08100751C35 /* CVPixelBuffer.swift */,
			);
			path = CoreVideo;
			sourceTree = "<group>";
		};
		74E889341FD3E41900B2E62E /* UIKit */ = {
			isa = PBXGroup;
			children = (
				74E889371FD3E4E300B2E62E /* UIImageTest.swift */,
				74883D801FFD17EC0052E3B9 /* UIColorTest.swift */,
			);
			name = UIKit;
			path = Tests/LXExtensionTests/UIKit;
			sourceTree = SOURCE_ROOT;
		};
		74F001EE1FD98B9600F46EC6 /* CoreGraphics */ = {
			isa = PBXGroup;
			children = (
				74F001EF1FDA0BAE00F46EC6 /* CGPointTest.swift */,
			);
			name = CoreGraphics;
			path = Tests/LXExtensionTests/CoreGraphics;
			sourceTree = SOURCE_ROOT;
		};
		FD5497AE1FD636C2006AED28 /* Foundation */ = {
			isa = PBXGroup;
			children = (
				FD5497B11FD63727006AED28 /* FloatingPointTest.swift */,
			);
			name = Foundation;
			path = Tests/LXExtensionTests/Foundation;
			sourceTree = SOURCE_ROOT;
		};
		OBJ_10 /* Tests */ = {
			isa = PBXGroup;
			children = (
				OBJ_11 /* LXExtensionTests */,
			);
			name = Tests;
			sourceTree = SOURCE_ROOT;
		};
		OBJ_11 /* LXExtensionTests */ = {
			isa = PBXGroup;
			children = (
				74F001EE1FD98B9600F46EC6 /* CoreGraphics */,
				FD5497AE1FD636C2006AED28 /* Foundation */,
				74E889341FD3E41900B2E62E /* UIKit */,
				OBJ_12 /* LXExtensionTests.swift */,
			);
			name = LXExtensionTests;
			path = Tests/LXExtensionTests;
			sourceTree = SOURCE_ROOT;
		};
		OBJ_13 /* Products */ = {
			isa = PBXGroup;
			children = (
				OBJ_14 /* LXExtension.framework */,
				OBJ_15 /* LXExtensionTests.xctest */,
			);
			name = Products;
			sourceTree = BUILT_PRODUCTS_DIR;
		};
		OBJ_5 = {
			isa = PBXGroup;
			children = (
				OBJ_6 /* Package.swift */,
				OBJ_7 /* Sources */,
				OBJ_10 /* Tests */,
				OBJ_13 /* Products */,
			);
			sourceTree = "<group>";
		};
		OBJ_7 /* Sources */ = {
			isa = PBXGroup;
			children = (
				5216BF0D222D1A2700E15B41 /* CoreML */,
				5225155F21D0B35700751C35 /* CoreVideo */,
				0F764E841F740E0600861D41 /* CoreGraphics */,
				0F764E821F740DE100861D41 /* Foundation */,
				0F764E831F740DF400861D41 /* UIKit */,
			);
			path = Sources;
			sourceTree = SOURCE_ROOT;
		};
/* End PBXGroup section */

/* Begin PBXNativeTarget section */
		OBJ_16 /* LXExtension */ = {
			isa = PBXNativeTarget;
			buildConfigurationList = OBJ_17 /* Build configuration list for PBXNativeTarget "LXExtension" */;
			buildPhases = (
				OBJ_20 /* Sources */,
				OBJ_23 /* Frameworks */,
			);
			buildRules = (
			);
			dependencies = (
			);
			name = LXExtension;
			productName = LXExtension;
			productReference = OBJ_14 /* LXExtension.framework */;
			productType = "com.apple.product-type.framework";
		};
		OBJ_24 /* LXExtensionTests */ = {
			isa = PBXNativeTarget;
			buildConfigurationList = OBJ_25 /* Build configuration list for PBXNativeTarget "LXExtensionTests" */;
			buildPhases = (
				OBJ_28 /* Sources */,
				OBJ_30 /* Frameworks */,
			);
			buildRules = (
			);
			dependencies = (
				OBJ_32 /* PBXTargetDependency */,
			);
			name = LXExtensionTests;
			productName = LXExtensionTests;
			productReference = OBJ_15 /* LXExtensionTests.xctest */;
			productType = "com.apple.product-type.bundle.unit-test";
		};
/* End PBXNativeTarget section */

/* Begin PBXProject section */
		OBJ_1 /* Project object */ = {
			isa = PBXProject;
			attributes = {
				LastUpgradeCheck = 9999;
				TargetAttributes = {
					OBJ_16 = {
						LastSwiftMigration = 0900;
					};
					OBJ_24 = {
						LastSwiftMigration = 0900;
					};
				};
			};
			buildConfigurationList = OBJ_2 /* Build configuration list for PBXProject "LXExtension" */;
			compatibilityVersion = "Xcode 3.2";
			developmentRegion = English;
			hasScannedForEncodings = 0;
			knownRegions = (
				en,
			);
			mainGroup = OBJ_5;
			productRefGroup = OBJ_13 /* Products */;
			projectDirPath = "";
			projectRoot = "";
			targets = (
				OBJ_16 /* LXExtension */,
				OBJ_24 /* LXExtensionTests */,
			);
		};
/* End PBXProject section */

/* Begin PBXSourcesBuildPhase section */
		OBJ_20 /* Sources */ = {
			isa = PBXSourcesBuildPhase;
			buildActionMask = 0;
			files = (
				5225157521D0C08100751C35 /* CoreVideo.swift in Sources */,
				5225157B21D0C09500751C35 /* BinaryInteger.swift in Sources */,
				5225158C21D0C0AA00751C35 /* UITableView.swift in Sources */,
				5225157121D0C06900751C35 /* CGImage.swift in Sources */,
				5225158821D0C0AA00751C35 /* UITextField.swift in Sources */,
				5225158D21D0C0AA00751C35 /* UIScrollView.swift in Sources */,
				5225158E21D0C0AA00751C35 /* UIColor.swift in Sources */,
				5216BF0F222D1A3D00E15B41 /* MLModel.swift in Sources */,
				5225157D21D0C09500751C35 /* FloatingPoint.swift in Sources */,
				5225157C21D0C09500751C35 /* URL.swift in Sources */,
				5225158A21D0C0AA00751C35 /* UITextView.swift in Sources */,
				5225157621D0C08100751C35 /* CVPixelBuffer.swift in Sources */,
				5225156F21D0C06900751C35 /* CGPoint.swift in Sources */,
				5225158F21D0C0AA00751C35 /* UICollectionView.swift in Sources */,
				5225159021D0C0AA00751C35 /* UIView.swift in Sources */,
				5225157021D0C06900751C35 /* CGRect.swift in Sources */,
				74578E9622221BAB002AA829 /* UIButton.swift in Sources */,
				5225158B21D0C0AA00751C35 /* UIFont.swift in Sources */,
				5225158921D0C0AA00751C35 /* UIImage.swift in Sources */,
				5225157E21D0C09500751C35 /* Date.swift in Sources */,
				5225157221D0C06900751C35 /* CGSize.swift in Sources */,
			);
			runOnlyForDeploymentPostprocessing = 0;
		};
		OBJ_28 /* Sources */ = {
			isa = PBXSourcesBuildPhase;
			buildActionMask = 0;
			files = (
				74F001F01FDA0BAE00F46EC6 /* CGPointTest.swift in Sources */,
				FD5497B21FD63727006AED28 /* FloatingPointTest.swift in Sources */,
				OBJ_29 /* LXExtensionTests.swift in Sources */,
				74E889391FD3E50900B2E62E /* UIImageTest.swift in Sources */,
				74883D811FFD17EC0052E3B9 /* UIColorTest.swift in Sources */,
			);
			runOnlyForDeploymentPostprocessing = 0;
		};
/* End PBXSourcesBuildPhase section */

/* Begin PBXTargetDependency section */
		OBJ_32 /* PBXTargetDependency */ = {
			isa = PBXTargetDependency;
			target = OBJ_16 /* LXExtension */;
			targetProxy = 0F5A755E1F6D7A7800B20A94 /* PBXContainerItemProxy */;
		};
/* End PBXTargetDependency section */

/* Begin XCBuildConfiguration section */
		OBJ_18 /* Debug */ = {
			isa = XCBuildConfiguration;
			buildSettings = {
				ENABLE_TESTABILITY = YES;
				FRAMEWORK_SEARCH_PATHS = (
					"$(inherited)",
					"$(PLATFORM_DIR)/Developer/Library/Frameworks",
				);
				HEADER_SEARCH_PATHS = "$(inherited)";
				INFOPLIST_FILE = LXExtension.xcodeproj/LXExtension_Info.plist;
				IPHONEOS_DEPLOYMENT_TARGET = 8.0;
				LD_RUNPATH_SEARCH_PATHS = "$(TOOLCHAIN_DIR)/usr/lib/swift/macosx";
				OTHER_LDFLAGS = "$(inherited)";
				OTHER_SWIFT_FLAGS = "$(inherited)";
				PRODUCT_BUNDLE_IDENTIFIER = LXExtension;
				PRODUCT_MODULE_NAME = "$(TARGET_NAME:c99extidentifier)";
				PRODUCT_NAME = "$(TARGET_NAME:c99extidentifier)";
				SDKROOT = iphoneos;
				SKIP_INSTALL = YES;
				SUPPORTED_PLATFORMS = "iphonesimulator iphoneos";
				SWIFT_SWIFT3_OBJC_INFERENCE = On;
				SWIFT_VERSION = 4.0;
				TARGET_NAME = LXExtension;
				TVOS_DEPLOYMENT_TARGET = 9.0;
			};
			name = Debug;
		};
		OBJ_19 /* Release */ = {
			isa = XCBuildConfiguration;
			buildSettings = {
				ENABLE_TESTABILITY = YES;
				FRAMEWORK_SEARCH_PATHS = (
					"$(inherited)",
					"$(PLATFORM_DIR)/Developer/Library/Frameworks",
				);
				HEADER_SEARCH_PATHS = "$(inherited)";
				INFOPLIST_FILE = LXExtension.xcodeproj/LXExtension_Info.plist;
				IPHONEOS_DEPLOYMENT_TARGET = 8.0;
				LD_RUNPATH_SEARCH_PATHS = "$(TOOLCHAIN_DIR)/usr/lib/swift/macosx";
				OTHER_LDFLAGS = "$(inherited)";
				OTHER_SWIFT_FLAGS = "$(inherited)";
				PRODUCT_BUNDLE_IDENTIFIER = LXExtension;
				PRODUCT_MODULE_NAME = "$(TARGET_NAME:c99extidentifier)";
				PRODUCT_NAME = "$(TARGET_NAME:c99extidentifier)";
				SDKROOT = iphoneos;
				SKIP_INSTALL = YES;
				SUPPORTED_PLATFORMS = "iphonesimulator iphoneos";
				SWIFT_SWIFT3_OBJC_INFERENCE = On;
				SWIFT_VERSION = 4.0;
				TARGET_NAME = LXExtension;
				TVOS_DEPLOYMENT_TARGET = 9.0;
			};
			name = Release;
		};
		OBJ_26 /* Debug */ = {
			isa = XCBuildConfiguration;
			buildSettings = {
				EMBEDDED_CONTENT_CONTAINS_SWIFT = YES;
				FRAMEWORK_SEARCH_PATHS = (
					"$(inherited)",
					"$(PLATFORM_DIR)/Developer/Library/Frameworks",
				);
				HEADER_SEARCH_PATHS = "$(inherited)";
				INFOPLIST_FILE = LXExtension.xcodeproj/LXExtensionTests_Info.plist;
				LD_RUNPATH_SEARCH_PATHS = "@loader_path/../Frameworks @loader_path/Frameworks";
				OTHER_LDFLAGS = "$(inherited)";
				OTHER_SWIFT_FLAGS = "$(inherited)";
				SWIFT_SWIFT3_OBJC_INFERENCE = On;
				SWIFT_VERSION = 4.0;
				TARGET_NAME = LXExtensionTests;
			};
			name = Debug;
		};
		OBJ_27 /* Release */ = {
			isa = XCBuildConfiguration;
			buildSettings = {
				EMBEDDED_CONTENT_CONTAINS_SWIFT = YES;
				FRAMEWORK_SEARCH_PATHS = (
					"$(inherited)",
					"$(PLATFORM_DIR)/Developer/Library/Frameworks",
				);
				HEADER_SEARCH_PATHS = "$(inherited)";
				INFOPLIST_FILE = LXExtension.xcodeproj/LXExtensionTests_Info.plist;
				LD_RUNPATH_SEARCH_PATHS = "@loader_path/../Frameworks @loader_path/Frameworks";
				OTHER_LDFLAGS = "$(inherited)";
				OTHER_SWIFT_FLAGS = "$(inherited)";
				SWIFT_SWIFT3_OBJC_INFERENCE = On;
				SWIFT_VERSION = 4.0;
				TARGET_NAME = LXExtensionTests;
			};
			name = Release;
		};
		OBJ_3 /* Debug */ = {
			isa = XCBuildConfiguration;
			buildSettings = {
				CLANG_ENABLE_OBJC_ARC = YES;
				COMBINE_HIDPI_IMAGES = YES;
				COPY_PHASE_STRIP = NO;
				DEBUG_INFORMATION_FORMAT = dwarf;
				DYLIB_INSTALL_NAME_BASE = "@rpath";
				ENABLE_NS_ASSERTIONS = YES;
				GCC_OPTIMIZATION_LEVEL = 0;
				MACOSX_DEPLOYMENT_TARGET = 10.10;
				ONLY_ACTIVE_ARCH = YES;
				OTHER_SWIFT_FLAGS = "-DXcode";
				PRODUCT_NAME = "$(TARGET_NAME)";
				SDKROOT = iphoneos;
				SUPPORTED_PLATFORMS = "iphonesimulator iphoneos";
				SWIFT_ACTIVE_COMPILATION_CONDITIONS = SWIFT_PACKAGE;
				SWIFT_OPTIMIZATION_LEVEL = "-Onone";
				SWIFT_VERSION = 3.0;
				USE_HEADERMAP = NO;
			};
			name = Debug;
		};
		OBJ_4 /* Release */ = {
			isa = XCBuildConfiguration;
			buildSettings = {
				CLANG_ENABLE_OBJC_ARC = YES;
				COMBINE_HIDPI_IMAGES = YES;
				COPY_PHASE_STRIP = YES;
				DEBUG_INFORMATION_FORMAT = "dwarf-with-dsym";
				DYLIB_INSTALL_NAME_BASE = "@rpath";
				GCC_OPTIMIZATION_LEVEL = s;
				MACOSX_DEPLOYMENT_TARGET = 10.10;
				OTHER_SWIFT_FLAGS = "-DXcode";
				PRODUCT_NAME = "$(TARGET_NAME)";
				SDKROOT = iphoneos;
				SUPPORTED_PLATFORMS = "iphonesimulator iphoneos";
				SWIFT_ACTIVE_COMPILATION_CONDITIONS = SWIFT_PACKAGE;
				SWIFT_OPTIMIZATION_LEVEL = "-Owholemodule";
				SWIFT_VERSION = 3.0;
				USE_HEADERMAP = NO;
			};
			name = Release;
		};
/* End XCBuildConfiguration section */

/* Begin XCConfigurationList section */
		OBJ_17 /* Build configuration list for PBXNativeTarget "LXExtension" */ = {
			isa = XCConfigurationList;
			buildConfigurations = (
				OBJ_18 /* Debug */,
				OBJ_19 /* Release */,
			);
			defaultConfigurationIsVisible = 0;
			defaultConfigurationName = Debug;
		};
		OBJ_2 /* Build configuration list for PBXProject "LXExtension" */ = {
			isa = XCConfigurationList;
			buildConfigurations = (
				OBJ_3 /* Debug */,
				OBJ_4 /* Release */,
			);
			defaultConfigurationIsVisible = 0;
			defaultConfigurationName = Debug;
		};
		OBJ_25 /* Build configuration list for PBXNativeTarget "LXExtensionTests" */ = {
			isa = XCConfigurationList;
			buildConfigurations = (
				OBJ_26 /* Debug */,
				OBJ_27 /* Release */,
			);
			defaultConfigurationIsVisible = 0;
			defaultConfigurationName = Debug;
		};
/* End XCConfigurationList section */
	};
	rootObject = OBJ_1 /* Project object */;
}
